
Microsoft Visual Studio Solution File, Format Version 12.00
# Visual Studio 15
VisualStudioVersion = 15.0.27130.2020
MinimumVisualStudioVersion = 10.0.40219.1
Project("{FAE04EC0-301F-11D3-BF4B-00C04F79EFBC}") = "Onboard1", "Onboard1\Onboard1.csproj", "{28100BD8-E358-4524-BE05-2363286F4A45}"
EndProject
Global
	GlobalSection(SolutionConfigurationPlatforms) = preSolution
		Debug|Any CPU = Debug|Any CPU
		Release|Any CPU = Release|Any CPU
	EndGlobalSection
	GlobalSection(ProjectConfigurationPlatforms) = postSolution
		{28100BD8-E358-4524-BE05-2363286F4A45}.Debug|Any CPU.ActiveCfg = Debug|Any CPU
		{28100BD8-E358-4524-BE05-2363286F4A45}.Debug|Any CPU.Build.0 = Debug|Any CPU
		{28100BD8-E358-4524-BE05-2363286F4A45}.Release|Any CPU.ActiveCfg = Release|Any CPU
		{28100BD8-E358-4524-BE05-2363286F4A45}.Release|Any CPU.Build.0 = Release|Any CPU
	EndGlobalSection
	GlobalSection(SolutionProperties) = preSolution
		HideSolutionNode = FALSE
	EndGlobalSection
	GlobalSection(ExtensibilityGlobals) = postSolution
		SolutionGuid = {017D86D1-E3A9-40E7-8C18-E5A92C0521C2}
	EndGlobalSection
EndGlobal
